
Microsoft Visual Studio Solution File, Format Version 12.00
# Visual Studio Version 17
VisualStudioVersion = 17.8.34322.80
MinimumVisualStudioVersion = 10.0.40219.1
Project("{FAE04EC0-301F-11D3-BF4B-00C04F79EFBC}") = "Task6", "Task6\Task6.csproj", "{8907CECC-1D9E-46F2-A968-299E8E65D861}"
EndProject
Global
	GlobalSection(SolutionConfigurationPlatforms) = preSolution
		Debug|Any CPU = Debug|Any CPU
		Release|Any CPU = Release|Any CPU
	EndGlobalSection
	GlobalSection(ProjectConfigurationPlatforms) = postSolution
		{8907CECC-1D9E-46F2-A968-299E8E65D861}.Debug|Any CPU.ActiveCfg = Debug|Any CPU
		{8907CECC-1D9E-46F2-A968-299E8E65D861}.Debug|Any CPU.Build.0 = Debug|Any CPU
		{8907CECC-1D9E-46F2-A968-299E8E65D861}.Release|Any CPU.ActiveCfg = Release|Any CPU
		{8907CECC-1D9E-46F2-A968-299E8E65D861}.Release|Any CPU.Build.0 = Release|Any CPU
	EndGlobalSection
	GlobalSection(SolutionProperties) = preSolution
		HideSolutionNode = FALSE
	EndGlobalSection
	GlobalSection(ExtensibilityGlobals) = postSolution
		SolutionGuid = {46124D68-1DAA-491B-B7CD-A8E440A34C76}
	EndGlobalSection
EndGlobal
